
Microsoft Visual Studio Solution File, Format Version 12.00
# Visual Studio Version 16
VisualStudioVersion = 16.0.31424.327
MinimumVisualStudioVersion = 10.0.40219.1
Project("{FAE04EC0-301F-11D3-BF4B-00C04F79EFBC}") = "TekupMiniProject", "TekupMiniProject\TekupMiniProject.csproj", "{EE4BA8B3-2C2A-4AA9-986C-8431712FFFC8}"
EndProject
Global
	GlobalSection(SolutionConfigurationPlatforms) = preSolution
		Debug|Any CPU = Debug|Any CPU
		Release|Any CPU = Release|Any CPU
	EndGlobalSection
	GlobalSection(ProjectConfigurationPlatforms) = postSolution
		{EE4BA8B3-2C2A-4AA9-986C-8431712FFFC8}.Debug|Any CPU.ActiveCfg = Debug|Any CPU
		{EE4BA8B3-2C2A-4AA9-986C-8431712FFFC8}.Debug|Any CPU.Build.0 = Debug|Any CPU
		{EE4BA8B3-2C2A-4AA9-986C-8431712FFFC8}.Release|Any CPU.ActiveCfg = Release|Any CPU
		{EE4BA8B3-2C2A-4AA9-986C-8431712FFFC8}.Release|Any CPU.Build.0 = Release|Any CPU
	EndGlobalSection
	GlobalSection(SolutionProperties) = preSolution
		HideSolutionNode = FALSE
	EndGlobalSection
	GlobalSection(ExtensibilityGlobals) = postSolution
		SolutionGuid = {062CFD9A-2F40-4CE4-ABB1-974F191EEBB1}
	EndGlobalSection
EndGlobal
